
Microsoft Visual Studio Solution File, Format Version 12.00
# Visual Studio Version 16
VisualStudioVersion = 16.0.30907.101
MinimumVisualStudioVersion = 10.0.40219.1
Project("{9A19103F-16F7-4668-BE54-9A1E7A4F7556}") = "ClassMetotDemo", "ClassMetotDemo\ClassMetotDemo.csproj", "{DC8DAB17-ADBD-4F09-AADE-87D90F94EC0C}"
EndProject
Global
	GlobalSection(SolutionConfigurationPlatforms) = preSolution
		Debug|Any CPU = Debug|Any CPU
		Release|Any CPU = Release|Any CPU
	EndGlobalSection
	GlobalSection(ProjectConfigurationPlatforms) = postSolution
		{DC8DAB17-ADBD-4F09-AADE-87D90F94EC0C}.Debug|Any CPU.ActiveCfg = Debug|Any CPU
		{DC8DAB17-ADBD-4F09-AADE-87D90F94EC0C}.Debug|Any CPU.Build.0 = Debug|Any CPU
		{DC8DAB17-ADBD-4F09-AADE-87D90F94EC0C}.Release|Any CPU.ActiveCfg = Release|Any CPU
		{DC8DAB17-ADBD-4F09-AADE-87D90F94EC0C}.Release|Any CPU.Build.0 = Release|Any CPU
	EndGlobalSection
	GlobalSection(SolutionProperties) = preSolution
		HideSolutionNode = FALSE
	EndGlobalSection
	GlobalSection(ExtensibilityGlobals) = postSolution
		SolutionGuid = {86DD9F5C-BC0C-453C-8875-FD96741C93C6}
	EndGlobalSection
EndGlobal
